PODS:
  - NSObject-GIHObject (0.0.1)
  - UITabBarItem-GIHTabBarItem (0.0.1):
    - NSObject-GIHObject (~> 0.0.1)

DEPENDENCIES:
  - UITabBarItem-GIHTabBarItem (from `./UITabBarItem-GIHTabBarItem.podspec`)

EXTERNAL SOURCES:
  UITabBarItem-GIHTabBarItem:
    :path: ./UITabBarItem-GIHTabBarItem.podspec

SPEC CHECKSUMS:
  NSObject-GIHObject: 716e4f47d4a0ce0dc112ba25ad80841e77877037
  UITabBarItem-GIHTabBarItem: 6f6873908f26fa82e5d3b78de62a7d845e29597d

PODFILE CHECKSUM: 756e117e67cc691d67eb93fbee99f51a2c875446

COCOAPODS: 1.4.0
